
Microsoft Visual Studio Solution File, Format Version 9.00
# Visual Studio 2005
Project("{FAE04EC0-301F-11D3-BF4B-00C04F79EFBC}") = "MP3Reader", "MP3Reader\MP3Reader.csproj", "{B9A45126-90E7-4439-91B2-FA5C17C63C86}"
EndProject
Global
	GlobalSection(SolutionConfigurationPlatforms) = preSolution
		Debug|Any CPU = Debug|Any CPU
		Release|Any CPU = Release|Any CPU
	EndGlobalSection
	GlobalSection(ProjectConfigurationPlatforms) = postSolution
		{B9A45126-90E7-4439-91B2-FA5C17C63C86}.Debug|Any CPU.ActiveCfg = Debug|Any CPU
		{B9A45126-90E7-4439-91B2-FA5C17C63C86}.Debug|Any CPU.Build.0 = Debug|Any CPU
		{B9A45126-90E7-4439-91B2-FA5C17C63C86}.Release|Any CPU.ActiveCfg = Release|Any CPU
		{B9A45126-90E7-4439-91B2-FA5C17C63C86}.Release|Any CPU.Build.0 = Release|Any CPU
	EndGlobalSection
	GlobalSection(SolutionProperties) = preSolution
		HideSolutionNode = FALSE
	EndGlobalSection
EndGlobal
